
Microsoft Visual Studio Solution File, Format Version 12.00
# Visual Studio 2017
Project("{FAE04EC0-301F-11D3-BF4B-00C04F79EFBC}") = "TCG_Tachoo_Pong", "TCG_Tachoo_Pong.csproj", "{A2BE691B-E287-0C81-D2B5-EBB1C08A935D}"
EndProject
Global
	GlobalSection(SolutionConfigurationPlatforms) = preSolution
		Debug|Any CPU = Debug|Any CPU
		Release|Any CPU = Release|Any CPU
	EndGlobalSection
	GlobalSection(ProjectConfigurationPlatforms) = postSolution
		{A2BE691B-E287-0C81-D2B5-EBB1C08A935D}.Debug|Any CPU.ActiveCfg = Debug|Any CPU
		{A2BE691B-E287-0C81-D2B5-EBB1C08A935D}.Debug|Any CPU.Build.0 = Debug|Any CPU
		{A2BE691B-E287-0C81-D2B5-EBB1C08A935D}.Release|Any CPU.ActiveCfg = Release|Any CPU
		{A2BE691B-E287-0C81-D2B5-EBB1C08A935D}.Release|Any CPU.Build.0 = Release|Any CPU
	EndGlobalSection
	GlobalSection(SolutionProperties) = preSolution
		HideSolutionNode = FALSE
	EndGlobalSection
EndGlobal
